
Microsoft Visual Studio Solution File, Format Version 12.00
# Visual Studio Version 16
VisualStudioVersion = 16.0.30907.101
MinimumVisualStudioVersion = 10.0.40219.1
Project("{FAE04EC0-301F-11D3-BF4B-00C04F79EFBC}") = "Flappy_Birds_Windows_Form", "Flappy_Birds_Windows_Form\Flappy_Birds_Windows_Form.csproj", "{CC25CA3A-0829-432E-95CD-F3823CB6E7FB}"
EndProject
Global
	GlobalSection(SolutionConfigurationPlatforms) = preSolution
		Debug|Any CPU = Debug|Any CPU
		Release|Any CPU = Release|Any CPU
	EndGlobalSection
	GlobalSection(ProjectConfigurationPlatforms) = postSolution
		{CC25CA3A-0829-432E-95CD-F3823CB6E7FB}.Debug|Any CPU.ActiveCfg = Debug|Any CPU
		{CC25CA3A-0829-432E-95CD-F3823CB6E7FB}.Debug|Any CPU.Build.0 = Debug|Any CPU
		{CC25CA3A-0829-432E-95CD-F3823CB6E7FB}.Release|Any CPU.ActiveCfg = Release|Any CPU
		{CC25CA3A-0829-432E-95CD-F3823CB6E7FB}.Release|Any CPU.Build.0 = Release|Any CPU
	EndGlobalSection
	GlobalSection(SolutionProperties) = preSolution
		HideSolutionNode = FALSE
	EndGlobalSection
	GlobalSection(ExtensibilityGlobals) = postSolution
		SolutionGuid = {C3982E13-5147-40C3-B9EF-8DE000CEDC9E}
	EndGlobalSection
EndGlobal
